
Microsoft Visual Studio Solution File, Format Version 12.00
# Visual Studio Version 17
VisualStudioVersion = 17.4.33205.214
MinimumVisualStudioVersion = 10.0.40219.1
Project("{9A19103F-16F7-4668-BE54-9A1E7A4F7556}") = "Byces.Calculator", "src\Byces.Calculator\Byces.Calculator.csproj", "{250B0E6C-FF83-4978-A91E-7895F4F8435A}"
EndProject
Project("{9A19103F-16F7-4668-BE54-9A1E7A4F7556}") = "Byces.Calculator.Benchmarks", "test\Byces.Calculator.Benchmarks\Byces.Calculator.Benchmarks.csproj", "{7F4004C8-3436-4361-9F91-8B1D7A3913EE}"
EndProject
Project("{FAE04EC0-301F-11D3-BF4B-00C04F79EFBC}") = "Byces.Calculator.Tests", "test\Byces.Calculator.Tests\Byces.Calculator.Tests.csproj", "{558ADF50-3455-43B6-9C29-44DB8B28C5B9}"
EndProject
Global
	GlobalSection(SolutionConfigurationPlatforms) = preSolution
		Debug|Any CPU = Debug|Any CPU
		Release|Any CPU = Release|Any CPU
	EndGlobalSection
	GlobalSection(ProjectConfigurationPlatforms) = postSolution
		{250B0E6C-FF83-4978-A91E-7895F4F8435A}.Debug|Any CPU.ActiveCfg = Debug|Any CPU
		{250B0E6C-FF83-4978-A91E-7895F4F8435A}.Debug|Any CPU.Build.0 = Debug|Any CPU
		{250B0E6C-FF83-4978-A91E-7895F4F8435A}.Release|Any CPU.ActiveCfg = Release|Any CPU
		{250B0E6C-FF83-4978-A91E-7895F4F8435A}.Release|Any CPU.Build.0 = Release|Any CPU
		{7F4004C8-3436-4361-9F91-8B1D7A3913EE}.Debug|Any CPU.ActiveCfg = Debug|Any CPU
		{7F4004C8-3436-4361-9F91-8B1D7A3913EE}.Debug|Any CPU.Build.0 = Debug|Any CPU
		{7F4004C8-3436-4361-9F91-8B1D7A3913EE}.Release|Any CPU.ActiveCfg = Release|Any CPU
		{7F4004C8-3436-4361-9F91-8B1D7A3913EE}.Release|Any CPU.Build.0 = Release|Any CPU
		{558ADF50-3455-43B6-9C29-44DB8B28C5B9}.Debug|Any CPU.ActiveCfg = Debug|Any CPU
		{558ADF50-3455-43B6-9C29-44DB8B28C5B9}.Debug|Any CPU.Build.0 = Debug|Any CPU
		{558ADF50-3455-43B6-9C29-44DB8B28C5B9}.Release|Any CPU.ActiveCfg = Release|Any CPU
		{558ADF50-3455-43B6-9C29-44DB8B28C5B9}.Release|Any CPU.Build.0 = Release|Any CPU
	EndGlobalSection
	GlobalSection(SolutionProperties) = preSolution
		HideSolutionNode = FALSE
	EndGlobalSection
	GlobalSection(ExtensibilityGlobals) = postSolution
		SolutionGuid = {B31748B4-F79F-4BC4-BC75-1B68EB2AF2B0}
	EndGlobalSection
EndGlobal
