
Microsoft Visual Studio Solution File, Format Version 12.00
# Visual Studio Version 17
VisualStudioVersion = 17.4.33205.214
MinimumVisualStudioVersion = 10.0.40219.1
Project("{9A19103F-16F7-4668-BE54-9A1E7A4F7556}") = "Byces.Calculator", "src\Byces.Calculator\Byces.Calculator.csproj", "{250B0E6C-FF83-4978-A91E-7895F4F8435A}"
EndProject
Project("{9A19103F-16F7-4668-BE54-9A1E7A4F7556}") = "Byces.Calculator.Tests", "test\Byces.Calculator.Tests\Byces.Calculator.Tests.csproj", "{558ADF50-3455-43B6-9C29-44DB8B28C5B9}"
EndProject
Project("{2150E333-8FDC-42A3-9474-1A3956D46DE8}") = "1. Source", "1. Source", "{AE7A9F00-12BA-41DC-AAE7-50419DABB9B9}"
EndProject
Project("{2150E333-8FDC-42A3-9474-1A3956D46DE8}") = "2. Test", "2. Test", "{61237A37-C1C5-4DEB-843F-0CCD17854700}"
EndProject
Project("{9A19103F-16F7-4668-BE54-9A1E7A4F7556}") = "ConsoleInput", "example\ConsoleInput\ConsoleInput.csproj", "{31AA3B0D-EB11-4DA2-B492-BFD8DD0B5A1F}"
EndProject
Project("{2150E333-8FDC-42A3-9474-1A3956D46DE8}") = "3 . Example", "3 . Example", "{EAE9B631-4610-4D40-BCEE-3BD95F70246D}"
EndProject
Global
	GlobalSection(SolutionConfigurationPlatforms) = preSolution
		Debug|Any CPU = Debug|Any CPU
		Release|Any CPU = Release|Any CPU
	EndGlobalSection
	GlobalSection(ProjectConfigurationPlatforms) = postSolution
		{250B0E6C-FF83-4978-A91E-7895F4F8435A}.Debug|Any CPU.ActiveCfg = Debug|Any CPU
		{250B0E6C-FF83-4978-A91E-7895F4F8435A}.Debug|Any CPU.Build.0 = Debug|Any CPU
		{250B0E6C-FF83-4978-A91E-7895F4F8435A}.Release|Any CPU.ActiveCfg = Release|Any CPU
		{250B0E6C-FF83-4978-A91E-7895F4F8435A}.Release|Any CPU.Build.0 = Release|Any CPU
		{558ADF50-3455-43B6-9C29-44DB8B28C5B9}.Debug|Any CPU.ActiveCfg = Debug|Any CPU
		{558ADF50-3455-43B6-9C29-44DB8B28C5B9}.Debug|Any CPU.Build.0 = Debug|Any CPU
		{558ADF50-3455-43B6-9C29-44DB8B28C5B9}.Release|Any CPU.ActiveCfg = Release|Any CPU
		{558ADF50-3455-43B6-9C29-44DB8B28C5B9}.Release|Any CPU.Build.0 = Release|Any CPU
		{31AA3B0D-EB11-4DA2-B492-BFD8DD0B5A1F}.Debug|Any CPU.ActiveCfg = Debug|Any CPU
		{31AA3B0D-EB11-4DA2-B492-BFD8DD0B5A1F}.Debug|Any CPU.Build.0 = Debug|Any CPU
		{31AA3B0D-EB11-4DA2-B492-BFD8DD0B5A1F}.Release|Any CPU.ActiveCfg = Release|Any CPU
		{31AA3B0D-EB11-4DA2-B492-BFD8DD0B5A1F}.Release|Any CPU.Build.0 = Release|Any CPU
	EndGlobalSection
	GlobalSection(SolutionProperties) = preSolution
		HideSolutionNode = FALSE
	EndGlobalSection
	GlobalSection(NestedProjects) = preSolution
		{250B0E6C-FF83-4978-A91E-7895F4F8435A} = {AE7A9F00-12BA-41DC-AAE7-50419DABB9B9}
		{558ADF50-3455-43B6-9C29-44DB8B28C5B9} = {61237A37-C1C5-4DEB-843F-0CCD17854700}
		{31AA3B0D-EB11-4DA2-B492-BFD8DD0B5A1F} = {EAE9B631-4610-4D40-BCEE-3BD95F70246D}
	EndGlobalSection
	GlobalSection(ExtensibilityGlobals) = postSolution
		SolutionGuid = {B31748B4-F79F-4BC4-BC75-1B68EB2AF2B0}
	EndGlobalSection
EndGlobal
